
Microsoft Visual Studio Solution File, Format Version 12.00
# Visual Studio Version 17
VisualStudioVersion = 17.6.33829.357
MinimumVisualStudioVersion = 10.0.40219.1
Project("{FAE04EC0-301F-11D3-BF4B-00C04F79EFBC}") = "2285. Maximum Total Importance of Roads", "2285. Maximum Total Importance of Roads.csproj", "{BA218BA2-3665-4921-BE70-53C2CBFD061C}"
EndProject
Global
	GlobalSection(SolutionConfigurationPlatforms) = preSolution
		Debug|Any CPU = Debug|Any CPU
		Release|Any CPU = Release|Any CPU
	EndGlobalSection
	GlobalSection(ProjectConfigurationPlatforms) = postSolution
		{BA218BA2-3665-4921-BE70-53C2CBFD061C}.Debug|Any CPU.ActiveCfg = Debug|Any CPU
		{BA218BA2-3665-4921-BE70-53C2CBFD061C}.Debug|Any CPU.Build.0 = Debug|Any CPU
		{BA218BA2-3665-4921-BE70-53C2CBFD061C}.Release|Any CPU.ActiveCfg = Release|Any CPU
		{BA218BA2-3665-4921-BE70-53C2CBFD061C}.Release|Any CPU.Build.0 = Release|Any CPU
	EndGlobalSection
	GlobalSection(SolutionProperties) = preSolution
		HideSolutionNode = FALSE
	EndGlobalSection
	GlobalSection(ExtensibilityGlobals) = postSolution
		SolutionGuid = {44C991B9-C061-4581-8949-541101F4731B}
	EndGlobalSection
EndGlobal
